// !$*UTF8*$!
{
	archiveVersion = 1;
	classes = {
	};
	objectVersion = 51;
	objects = {

/* Begin PBXBuildFile section */
		215D4D8AA6B5388D2F2E83BC /* Pods_ThePost.framework in Frameworks */ = {isa = PBXBuildFile; fileRef = 439F45671E7E6CDB79E2E134 /* Pods_ThePost.framework */; };
		9D4654372587C4A100ED341A /* AppDelegate.swift in Sources */ = {isa = PBXBuildFile; fileRef = 9D4654362587C4A100ED341A /* AppDelegate.swift */; };
		9D4654392587C4A100ED341A /* SceneDelegate.swift in Sources */ = {isa = PBXBuildFile; fileRef = 9D4654382587C4A100ED341A /* SceneDelegate.swift */; };
		9D46543B2587C4A100ED341A /* ViewController.swift in Sources */ = {isa = PBXBuildFile; fileRef = 9D46543A2587C4A100ED341A /* ViewController.swift */; };
		9D46543E2587C4A100ED341A /* Main.storyboard in Resources */ = {isa = PBXBuildFile; fileRef = 9D46543C2587C4A100ED341A /* Main.storyboard */; };
		9D4654402587C4AF00ED341A /* Assets.xcassets in Resources */ = {isa = PBXBuildFile; fileRef = 9D46543F2587C4AF00ED341A /* Assets.xcassets */; };
		9D4654432587C4AF00ED341A /* LaunchScreen.storyboard in Resources */ = {isa = PBXBuildFile; fileRef = 9D4654412587C4AF00ED341A /* LaunchScreen.storyboard */; };
		9D4654522587C84600ED341A /* ThePostAPI.swift in Sources */ = {isa = PBXBuildFile; fileRef = 9D4654512587C84600ED341A /* ThePostAPI.swift */; };
		9D4654542587CC0500ED341A /* ThePost.swift in Sources */ = {isa = PBXBuildFile; fileRef = 9D4654532587CC0500ED341A /* ThePost.swift */; };
		9D4654562587CF4900ED341A /* ViewModelThePost.swift in Sources */ = {isa = PBXBuildFile; fileRef = 9D4654552587CF4900ED341A /* ViewModelThePost.swift */; };
/* End PBXBuildFile section */

/* Begin PBXFileReference section */
		0A228CBD2461FD183E71B797 /* Pods-ThePost.release.xcconfig */ = {isa = PBXFileReference; includeInIndex = 1; lastKnownFileType = text.xcconfig; name = "Pods-ThePost.release.xcconfig"; path = "Target Support Files/Pods-ThePost/Pods-ThePost.release.xcconfig"; sourceTree = "<group>"; };
		439F45671E7E6CDB79E2E134 /* Pods_ThePost.framework */ = {isa = PBXFileReference; explicitFileType = wrapper.framework; includeInIndex = 0; path = Pods_ThePost.framework; sourceTree = BUILT_PRODUCTS_DIR; };
		9898643201EB9A41D2BE551A /* Pods-ThePost.debug.xcconfig */ = {isa = PBXFileReference; includeInIndex = 1; lastKnownFileType = text.xcconfig; name = "Pods-ThePost.debug.xcconfig"; path = "Target Support Files/Pods-ThePost/Pods-ThePost.debug.xcconfig"; sourceTree = "<group>"; };
		9D4654332587C4A100ED341A /* ThePost.app */ = {isa = PBXFileReference; explicitFileType = wrapper.application; includeInIndex = 0; path = ThePost.app; sourceTree = BUILT_PRODUCTS_DIR; };
		9D4654362587C4A100ED341A /* AppDelegate.swift */ = {isa = PBXFileReference; lastKnownFileType = sourcecode.swift; path = AppDelegate.swift; sourceTree = "<group>"; };
		9D4654382587C4A100ED341A /* SceneDelegate.swift */ = {isa = PBXFileReference; lastKnownFileType = sourcecode.swift; path = SceneDelegate.swift; sourceTree = "<group>"; };
		9D46543A2587C4A100ED341A /* ViewController.swift */ = {isa = PBXFileReference; lastKnownFileType = sourcecode.swift; path = ViewController.swift; sourceTree = "<group>"; };
		9D46543D2587C4A100ED341A /* Base */ = {isa = PBXFileReference; lastKnownFileType = file.storyboard; name = Base; path = Base.lproj/Main.storyboard; sourceTree = "<group>"; };
		9D46543F2587C4AF00ED341A /* Assets.xcassets */ = {isa = PBXFileReference; lastKnownFileType = folder.assetcatalog; path = Assets.xcassets; sourceTree = "<group>"; };
		9D4654422587C4AF00ED341A /* Base */ = {isa = PBXFileReference; lastKnownFileType = file.storyboard; name = Base; path = Base.lproj/LaunchScreen.storyboard; sourceTree = "<group>"; };
		9D4654442587C4AF00ED341A /* Info.plist */ = {isa = PBXFileReference; lastKnownFileType = text.plist.xml; path = Info.plist; sourceTree = "<group>"; };
		9D4654512587C84600ED341A /* ThePostAPI.swift */ = {isa = PBXFileReference; lastKnownFileType = sourcecode.swift; path = ThePostAPI.swift; sourceTree = "<group>"; };
		9D4654532587CC0500ED341A /* ThePost.swift */ = {isa = PBXFileReference; lastKnownFileType = sourcecode.swift; path = ThePost.swift; sourceTree = "<group>"; };
		9D4654552587CF4900ED341A /* ViewModelThePost.swift */ = {isa = PBXFileReference; lastKnownFileType = sourcecode.swift; path = ViewModelThePost.swift; sourceTree = "<group>"; };
/* End PBXFileReference section */

/* Begin PBXFrameworksBuildPhase section */
		9D4654302587C4A100ED341A /* Frameworks */ = {
			isa = PBXFrameworksBuildPhase;
			buildActionMask = 2147483647;
			files = (
				215D4D8AA6B5388D2F2E83BC /* Pods_ThePost.framework in Frameworks */,
			);
			runOnlyForDeploymentPostprocessing = 0;
		};
/* End PBXFrameworksBuildPhase section */

/* Begin PBXGroup section */
		201C81B4F2FC5ABC84697B95 /* Frameworks */ = {
			isa = PBXGroup;
			children = (
				439F45671E7E6CDB79E2E134 /* Pods_ThePost.framework */,
			);
			name = Frameworks;
			sourceTree = "<group>";
		};
		59FFD91494D44672BC25BAD0 /* Pods */ = {
			isa = PBXGroup;
			children = (
				9898643201EB9A41D2BE551A /* Pods-ThePost.debug.xcconfig */,
				0A228CBD2461FD183E71B797 /* Pods-ThePost.release.xcconfig */,
			);
			path = Pods;
			sourceTree = "<group>";
		};
		9D46542A2587C4A100ED341A = {
			isa = PBXGroup;
			children = (
				9D4654352587C4A100ED341A /* ThePost */,
				9D4654342587C4A100ED341A /* Products */,
				59FFD91494D44672BC25BAD0 /* Pods */,
				201C81B4F2FC5ABC84697B95 /* Frameworks */,
			);
			sourceTree = "<group>";
		};
		9D4654342587C4A100ED341A /* Products */ = {
			isa = PBXGroup;
			children = (
				9D4654332587C4A100ED341A /* ThePost.app */,
			);
			name = Products;
			sourceTree = "<group>";
		};
		9D4654352587C4A100ED341A /* ThePost */ = {
			isa = PBXGroup;
			children = (
				9D46544E2587C6CA00ED341A /* Application */,
				9D4654502587C82000ED341A /* Network */,
				9D46544A2587C67800ED341A /* Main */,
				9D46544F2587C6D500ED341A /* Resources */,
			);
			path = ThePost;
			sourceTree = "<group>";
		};
		9D46544A2587C67800ED341A /* Main */ = {
			isa = PBXGroup;
			children = (
				9D46544B2587C68900ED341A /* Model */,
				9D46544C2587C6A100ED341A /* View */,
				9D46544D2587C6A800ED341A /* ViewModel */,
			);
			path = Main;
			sourceTree = "<group>";
		};
		9D46544B2587C68900ED341A /* Model */ = {
			isa = PBXGroup;
			children = (
				9D4654532587CC0500ED341A /* ThePost.swift */,
			);
			path = Model;
			sourceTree = "<group>";
		};
		9D46544C2587C6A100ED341A /* View */ = {
			isa = PBXGroup;
			children = (
				9D46543A2587C4A100ED341A /* ViewController.swift */,
			);
			path = View;
			sourceTree = "<group>";
		};
		9D46544D2587C6A800ED341A /* ViewModel */ = {
			isa = PBXGroup;
			children = (
				9D4654552587CF4900ED341A /* ViewModelThePost.swift */,
			);
			path = ViewModel;
			sourceTree = "<group>";
		};
		9D46544E2587C6CA00ED341A /* Application */ = {
			isa = PBXGroup;
			children = (
				9D4654382587C4A100ED341A /* SceneDelegate.swift */,
				9D4654362587C4A100ED341A /* AppDelegate.swift */,
				9D4654442587C4AF00ED341A /* Info.plist */,
			);
			path = Application;
			sourceTree = "<group>";
		};
		9D46544F2587C6D500ED341A /* Resources */ = {
			isa = PBXGroup;
			children = (
				9D4654412587C4AF00ED341A /* LaunchScreen.storyboard */,
				9D46543F2587C4AF00ED341A /* Assets.xcassets */,
				9D46543C2587C4A100ED341A /* Main.storyboard */,
			);
			path = Resources;
			sourceTree = "<group>";
		};
		9D4654502587C82000ED341A /* Network */ = {
			isa = PBXGroup;
			children = (
				9D4654512587C84600ED341A /* ThePostAPI.swift */,
			);
			path = Network;
			sourceTree = "<group>";
		};
/* End PBXGroup section */

/* Begin PBXNativeTarget section */
		9D4654322587C4A100ED341A /* ThePost */ = {
			isa = PBXNativeTarget;
			buildConfigurationList = 9D4654472587C4AF00ED341A /* Build configuration list for PBXNativeTarget "ThePost" */;
			buildPhases = (
				E246249BDCECF03A21DD950C /* [CP] Check Pods Manifest.lock */,
				9D46542F2587C4A100ED341A /* Sources */,
				9D4654302587C4A100ED341A /* Frameworks */,
				9D4654312587C4A100ED341A /* Resources */,
				F533E018619257E5DB3DEA25 /* [CP] Embed Pods Frameworks */,
			);
			buildRules = (
			);
			dependencies = (
			);
			name = ThePost;
			productName = ThePost;
			productReference = 9D4654332587C4A100ED341A /* ThePost.app */;
			productType = "com.apple.product-type.application";
		};
/* End PBXNativeTarget section */

/* Begin PBXProject section */
		9D46542B2587C4A100ED341A /* Project object */ = {
			isa = PBXProject;
			attributes = {
				LastSwiftUpdateCheck = 1170;
				LastUpgradeCheck = 1170;
				ORGANIZATIONNAME = "Jordi Milla Catalan";
				TargetAttributes = {
					9D4654322587C4A100ED341A = {
						CreatedOnToolsVersion = 11.7;
					};
				};
			};
			buildConfigurationList = 9D46542E2587C4A100ED341A /* Build configuration list for PBXProject "ThePost" */;
			compatibilityVersion = "Xcode 9.3";
			developmentRegion = en;
			hasScannedForEncodings = 0;
			knownRegions = (
				en,
				Base,
			);
			mainGroup = 9D46542A2587C4A100ED341A;
			productRefGroup = 9D4654342587C4A100ED341A /* Products */;
			projectDirPath = "";
			projectRoot = "";
			targets = (
				9D4654322587C4A100ED341A /* ThePost */,
			);
		};
/* End PBXProject section */

/* Begin PBXResourcesBuildPhase section */
		9D4654312587C4A100ED341A /* Resources */ = {
			isa = PBXResourcesBuildPhase;
			buildActionMask = 2147483647;
			files = (
				9D4654432587C4AF00ED341A /* LaunchScreen.storyboard in Resources */,
				9D4654402587C4AF00ED341A /* Assets.xcassets in Resources */,
				9D46543E2587C4A100ED341A /* Main.storyboard in Resources */,
			);
			runOnlyForDeploymentPostprocessing = 0;
		};
/* End PBXResourcesBuildPhase section */

/* Begin PBXShellScriptBuildPhase section */
		E246249BDCECF03A21DD950C /* [CP] Check Pods Manifest.lock */ = {
			isa = PBXShellScriptBuildPhase;
			buildActionMask = 2147483647;
			files = (
			);
			inputFileListPaths = (
			);
			inputPaths = (
				"${PODS_PODFILE_DIR_PATH}/Podfile.lock",
				"${PODS_ROOT}/Manifest.lock",
			);
			name = "[CP] Check Pods Manifest.lock";
			outputFileListPaths = (
			);
			outputPaths = (
				"$(DERIVED_FILE_DIR)/Pods-ThePost-checkManifestLockResult.txt",
			);
			runOnlyForDeploymentPostprocessing = 0;
			shellPath = /bin/sh;
			shellScript = "diff \"${PODS_PODFILE_DIR_PATH}/Podfile.lock\" \"${PODS_ROOT}/Manifest.lock\" > /dev/null\nif [ $? != 0 ] ; then\n    # print error to STDERR\n    echo \"error: The sandbox is not in sync with the Podfile.lock. Run 'pod install' or update your CocoaPods installation.\" >&2\n    exit 1\nfi\n# This output is used by Xcode 'outputs' to avoid re-running this script phase.\necho \"SUCCESS\" > \"${SCRIPT_OUTPUT_FILE_0}\"\n";
			showEnvVarsInLog = 0;
		};
		F533E018619257E5DB3DEA25 /* [CP] Embed Pods Frameworks */ = {
			isa = PBXShellScriptBuildPhase;
			buildActionMask = 2147483647;
			files = (
			);
			inputFileListPaths = (
				"${PODS_ROOT}/Target Support Files/Pods-ThePost/Pods-ThePost-frameworks-${CONFIGURATION}-input-files.xcfilelist",
			);
			name = "[CP] Embed Pods Frameworks";
			outputFileListPaths = (
				"${PODS_ROOT}/Target Support Files/Pods-ThePost/Pods-ThePost-frameworks-${CONFIGURATION}-output-files.xcfilelist",
			);
			runOnlyForDeploymentPostprocessing = 0;
			shellPath = /bin/sh;
			shellScript = "\"${PODS_ROOT}/Target Support Files/Pods-ThePost/Pods-ThePost-frameworks.sh\"\n";
			showEnvVarsInLog = 0;
		};
/* End PBXShellScriptBuildPhase section */

/* Begin PBXSourcesBuildPhase section */
		9D46542F2587C4A100ED341A /* Sources */ = {
			isa = PBXSourcesBuildPhase;
			buildActionMask = 2147483647;
			files = (
				9D4654522587C84600ED341A /* ThePostAPI.swift in Sources */,
				9D46543B2587C4A100ED341A /* ViewController.swift in Sources */,
				9D4654372587C4A100ED341A /* AppDelegate.swift in Sources */,
				9D4654542587CC0500ED341A /* ThePost.swift in Sources */,
				9D4654562587CF4900ED341A /* ViewModelThePost.swift in Sources */,
				9D4654392587C4A100ED341A /* SceneDelegate.swift in Sources */,
			);
			runOnlyForDeploymentPostprocessing = 0;
		};
/* End PBXSourcesBuildPhase section */

/* Begin PBXVariantGroup section */
		9D46543C2587C4A100ED341A /* Main.storyboard */ = {
			isa = PBXVariantGroup;
			children = (
				9D46543D2587C4A100ED341A /* Base */,
			);
			name = Main.storyboard;
			sourceTree = "<group>";
		};
		9D4654412587C4AF00ED341A /* LaunchScreen.storyboard */ = {
			isa = PBXVariantGroup;
			children = (
				9D4654422587C4AF00ED341A /* Base */,
			);
			name = LaunchScreen.storyboard;
			sourceTree = "<group>";
		};
/* End PBXVariantGroup section */

/* Begin XCBuildConfiguration section */
		9D4654452587C4AF00ED341A /* Debug */ = {
			isa = XCBuildConfiguration;
			buildSettings = {
				ALWAYS_SEARCH_USER_PATHS = NO;
				CLANG_ANALYZER_NONNULL = YES;
				CLANG_ANALYZER_NUMBER_OBJECT_CONVERSION = YES_AGGRESSIVE;
				CLANG_CXX_LANGUAGE_STANDARD = "gnu++14";
				CLANG_CXX_LIBRARY = "libc++";
				CLANG_ENABLE_MODULES = YES;
				CLANG_ENABLE_OBJC_ARC = YES;
				CLANG_ENABLE_OBJC_WEAK = YES;
				CLANG_WARN_BLOCK_CAPTURE_AUTORELEASING = YES;
				CLANG_WARN_BOOL_CONVERSION = YES;
				CLANG_WARN_COMMA = YES;
				CLANG_WARN_CONSTANT_CONVERSION = YES;
				CLANG_WARN_DEPRECATED_OBJC_IMPLEMENTATIONS = YES;
				CLANG_WARN_DIRECT_OBJC_ISA_USAGE = YES_ERROR;
				CLANG_WARN_DOCUMENTATION_COMMENTS = YES;
				CLANG_WARN_EMPTY_BODY = YES;
				CLANG_WARN_ENUM_CONVERSION = YES;
				CLANG_WARN_INFINITE_RECURSION = YES;
				CLANG_WARN_INT_CONVERSION = YES;
				CLANG_WARN_NON_LITERAL_NULL_CONVERSION = YES;
				CLANG_WARN_OBJC_IMPLICIT_RETAIN_SELF = YES;
				CLANG_WARN_OBJC_LITERAL_CONVERSION = YES;
				CLANG_WARN_OBJC_ROOT_CLASS = YES_ERROR;
				CLANG_WARN_RANGE_LOOP_ANALYSIS = YES;
				CLANG_WARN_STRICT_PROTOTYPES = YES;
				CLANG_WARN_SUSPICIOUS_MOVE = YES;
				CLANG_WARN_UNGUARDED_AVAILABILITY = YES_AGGRESSIVE;
				CLANG_WARN_UNREACHABLE_CODE = YES;
				CLANG_WARN__DUPLICATE_METHOD_MATCH = YES;
				COPY_PHASE_STRIP = NO;
				DEBUG_INFORMATION_FORMAT = dwarf;
				ENABLE_STRICT_OBJC_MSGSEND = YES;
				ENABLE_TESTABILITY = YES;
				GCC_C_LANGUAGE_STANDARD = gnu11;
				GCC_DYNAMIC_NO_PIC = NO;
				GCC_NO_COMMON_BLOCKS = YES;
				GCC_OPTIMIZATION_LEVEL = 0;
				GCC_PREPROCESSOR_DEFINITIONS = (
					"DEBUG=1",
					"$(inherited)",
				);
				GCC_WARN_64_TO_32_BIT_CONVERSION = YES;
				GCC_WARN_ABOUT_RETURN_TYPE = YES_ERROR;
				GCC_WARN_UNDECLARED_SELECTOR = YES;
				GCC_WARN_UNINITIALIZED_AUTOS = YES_AGGRESSIVE;
				GCC_WARN_UNUSED_FUNCTION = YES;
				GCC_WARN_UNUSED_VARIABLE = YES;
				IPHONEOS_DEPLOYMENT_TARGET = 13.7;
				MTL_ENABLE_DEBUG_INFO = INCLUDE_SOURCE;
				MTL_FAST_MATH = YES;
				ONLY_ACTIVE_ARCH = YES;
				SDKROOT = iphoneos;
				SWIFT_ACTIVE_COMPILATION_CONDITIONS = DEBUG;
				SWIFT_OPTIMIZATION_LEVEL = "-Onone";
			};
			name = Debug;
		};
		9D4654462587C4AF00ED341A /* Release */ = {
			isa = XCBuildConfiguration;
			buildSettings = {
				ALWAYS_SEARCH_USER_PATHS = NO;
				CLANG_ANALYZER_NONNULL = YES;
				CLANG_ANALYZER_NUMBER_OBJECT_CONVERSION = YES_AGGRESSIVE;
				CLANG_CXX_LANGUAGE_STANDARD = "gnu++14";
				CLANG_CXX_LIBRARY = "libc++";
				CLANG_ENABLE_MODULES = YES;
				CLANG_ENABLE_OBJC_ARC = YES;
				CLANG_ENABLE_OBJC_WEAK = YES;
				CLANG_WARN_BLOCK_CAPTURE_AUTORELEASING = YES;
				CLANG_WARN_BOOL_CONVERSION = YES;
				CLANG_WARN_COMMA = YES;
				CLANG_WARN_CONSTANT_CONVERSION = YES;
				CLANG_WARN_DEPRECATED_OBJC_IMPLEMENTATIONS = YES;
				CLANG_WARN_DIRECT_OBJC_ISA_USAGE = YES_ERROR;
				CLANG_WARN_DOCUMENTATION_COMMENTS = YES;
				CLANG_WARN_EMPTY_BODY = YES;
				CLANG_WARN_ENUM_CONVERSION = YES;
				CLANG_WARN_INFINITE_RECURSION = YES;
				CLANG_WARN_INT_CONVERSION = YES;
				CLANG_WARN_NON_LITERAL_NULL_CONVERSION = YES;
				CLANG_WARN_OBJC_IMPLICIT_RETAIN_SELF = YES;
				CLANG_WARN_OBJC_LITERAL_CONVERSION = YES;
				CLANG_WARN_OBJC_ROOT_CLASS = YES_ERROR;
				CLANG_WARN_RANGE_LOOP_ANALYSIS = YES;
				CLANG_WARN_STRICT_PROTOTYPES = YES;
				CLANG_WARN_SUSPICIOUS_MOVE = YES;
				CLANG_WARN_UNGUARDED_AVAILABILITY = YES_AGGRESSIVE;
				CLANG_WARN_UNREACHABLE_CODE = YES;
				CLANG_WARN__DUPLICATE_METHOD_MATCH = YES;
				COPY_PHASE_STRIP = NO;
				DEBUG_INFORMATION_FORMAT = "dwarf-with-dsym";
				ENABLE_NS_ASSERTIONS = NO;
				ENABLE_STRICT_OBJC_MSGSEND = YES;
				GCC_C_LANGUAGE_STANDARD = gnu11;
				GCC_NO_COMMON_BLOCKS = YES;
				GCC_WARN_64_TO_32_BIT_CONVERSION = YES;
				GCC_WARN_ABOUT_RETURN_TYPE = YES_ERROR;
				GCC_WARN_UNDECLARED_SELECTOR = YES;
				GCC_WARN_UNINITIALIZED_AUTOS = YES_AGGRESSIVE;
				GCC_WARN_UNUSED_FUNCTION = YES;
				GCC_WARN_UNUSED_VARIABLE = YES;
				IPHONEOS_DEPLOYMENT_TARGET = 13.7;
				MTL_ENABLE_DEBUG_INFO = NO;
				MTL_FAST_MATH = YES;
				SDKROOT = iphoneos;
				SWIFT_COMPILATION_MODE = wholemodule;
				SWIFT_OPTIMIZATION_LEVEL = "-O";
				VALIDATE_PRODUCT = YES;
			};
			name = Release;
		};
		9D4654482587C4AF00ED341A /* Debug */ = {
			isa = XCBuildConfiguration;
			baseConfigurationReference = 9898643201EB9A41D2BE551A /* Pods-ThePost.debug.xcconfig */;
			buildSettings = {
				ASSETCATALOG_COMPILER_APPICON_NAME = AppIcon;
				CODE_SIGN_STYLE = Automatic;
				INFOPLIST_FILE = ThePost/Application/Info.plist;
				LD_RUNPATH_SEARCH_PATHS = (
					"$(inherited)",
					"@executable_path/Frameworks",
				);
				PRODUCT_BUNDLE_IDENTIFIER = com.jordi.benavides.ThePost;
				PRODUCT_NAME = "$(TARGET_NAME)";
				SWIFT_VERSION = 5.0;
				TARGETED_DEVICE_FAMILY = "1,2";
			};
			name = Debug;
		};
		9D4654492587C4AF00ED341A /* Release */ = {
			isa = XCBuildConfiguration;
			baseConfigurationReference = 0A228CBD2461FD183E71B797 /* Pods-ThePost.release.xcconfig */;
			buildSettings = {
				ASSETCATALOG_COMPILER_APPICON_NAME = AppIcon;
				CODE_SIGN_STYLE = Automatic;
				INFOPLIST_FILE = ThePost/Application/Info.plist;
				LD_RUNPATH_SEARCH_PATHS = (
					"$(inherited)",
					"@executable_path/Frameworks",
				);
				PRODUCT_BUNDLE_IDENTIFIER = com.jordi.benavides.ThePost;
				PRODUCT_NAME = "$(TARGET_NAME)";
				SWIFT_VERSION = 5.0;
				TARGETED_DEVICE_FAMILY = "1,2";
			};
			name = Release;
		};
/* End XCBuildConfiguration section */

/* Begin XCConfigurationList section */
		9D46542E2587C4A100ED341A /* Build configuration list for PBXProject "ThePost" */ = {
			isa = XCConfigurationList;
			buildConfigurations = (
				9D4654452587C4AF00ED341A /* Debug */,
				9D4654462587C4AF00ED341A /* Release */,
			);
			defaultConfigurationIsVisible = 0;
			defaultConfigurationName = Release;
		};
		9D4654472587C4AF00ED341A /* Build configuration list for PBXNativeTarget "ThePost" */ = {
			isa = XCConfigurationList;
			buildConfigurations = (
				9D4654482587C4AF00ED341A /* Debug */,
				9D4654492587C4AF00ED341A /* Release */,
			);
			defaultConfigurationIsVisible = 0;
			defaultConfigurationName = Release;
		};
/* End XCConfigurationList section */
	};
	rootObject = 9D46542B2587C4A100ED341A /* Project object */;
}
